
Microsoft Visual Studio Solution File, Format Version 12.00
# Visual Studio Version 16
VisualStudioVersion = 16.0.29920.165
MinimumVisualStudioVersion = 10.0.40219.1
Project("{FAE04EC0-301F-11D3-BF4B-00C04F79EFBC}") = "HeadPoint.FigureCalc", "HeadPoint.FigureCalc\HeadPoint.FigureCalc.csproj", "{92C7FECF-202F-45A9-B692-EB62D85AB247}"
EndProject
Global
	GlobalSection(SolutionConfigurationPlatforms) = preSolution
		Debug|Any CPU = Debug|Any CPU
		Release|Any CPU = Release|Any CPU
	EndGlobalSection
	GlobalSection(ProjectConfigurationPlatforms) = postSolution
		{92C7FECF-202F-45A9-B692-EB62D85AB247}.Debug|Any CPU.ActiveCfg = Debug|Any CPU
		{92C7FECF-202F-45A9-B692-EB62D85AB247}.Debug|Any CPU.Build.0 = Debug|Any CPU
		{92C7FECF-202F-45A9-B692-EB62D85AB247}.Release|Any CPU.ActiveCfg = Release|Any CPU
		{92C7FECF-202F-45A9-B692-EB62D85AB247}.Release|Any CPU.Build.0 = Release|Any CPU
	EndGlobalSection
	GlobalSection(SolutionProperties) = preSolution
		HideSolutionNode = FALSE
	EndGlobalSection
	GlobalSection(ExtensibilityGlobals) = postSolution
		SolutionGuid = {21E9DCF6-5BB6-4BB0-B8EA-21DEA80F10F6}
	EndGlobalSection
EndGlobal
